
Microsoft Visual Studio Solution File, Format Version 12.00
# Visual Studio Version 17
VisualStudioVersion = 17.4.33110.190
MinimumVisualStudioVersion = 10.0.40219.1
Project("{FAE04EC0-301F-11D3-BF4B-00C04F79EFBC}") = "Homework3", "Homework3\Homework3.csproj", "{CAF6CEC2-6DEC-4927-A5CB-A618A4C20517}"
EndProject
Global
	GlobalSection(SolutionConfigurationPlatforms) = preSolution
		Debug|Any CPU = Debug|Any CPU
		Release|Any CPU = Release|Any CPU
	EndGlobalSection
	GlobalSection(ProjectConfigurationPlatforms) = postSolution
		{CAF6CEC2-6DEC-4927-A5CB-A618A4C20517}.Debug|Any CPU.ActiveCfg = Debug|Any CPU
		{CAF6CEC2-6DEC-4927-A5CB-A618A4C20517}.Debug|Any CPU.Build.0 = Debug|Any CPU
		{CAF6CEC2-6DEC-4927-A5CB-A618A4C20517}.Release|Any CPU.ActiveCfg = Release|Any CPU
		{CAF6CEC2-6DEC-4927-A5CB-A618A4C20517}.Release|Any CPU.Build.0 = Release|Any CPU
	EndGlobalSection
	GlobalSection(SolutionProperties) = preSolution
		HideSolutionNode = FALSE
	EndGlobalSection
	GlobalSection(ExtensibilityGlobals) = postSolution
		SolutionGuid = {21C8E764-57FD-4000-9458-B6A3CE72E684}
	EndGlobalSection
EndGlobal
